// !$*UTF8*$!
{
	archiveVersion = 1;
	classes = {
	};
	objectVersion = 46;
	objects = {

/* Begin PBXBuildFile section */
		E7028A2F1C83F93100C423E7 /* main.m in Sources */ = {isa = PBXBuildFile; fileRef = E7028A2E1C83F93100C423E7 /* main.m */; };
		E7028A321C83F93100C423E7 /* AppDelegate.m in Sources */ = {isa = PBXBuildFile; fileRef = E7028A311C83F93100C423E7 /* AppDelegate.m */; };
		E7028A351C83F93100C423E7 /* ViewController.m in Sources */ = {isa = PBXBuildFile; fileRef = E7028A341C83F93100C423E7 /* ViewController.m */; };
		E7028A381C83F93100C423E7 /* Main.storyboard in Resources */ = {isa = PBXBuildFile; fileRef = E7028A361C83F93100C423E7 /* Main.storyboard */; };
		E7028A3A1C83F93100C423E7 /* Assets.xcassets in Resources */ = {isa = PBXBuildFile; fileRef = E7028A391C83F93100C423E7 /* Assets.xcassets */; };
		E7028A3D1C83F93100C423E7 /* LaunchScreen.storyboard in Resources */ = {isa = PBXBuildFile; fileRef = E7028A3B1C83F93100C423E7 /* LaunchScreen.storyboard */; };
/* End PBXBuildFile section */

/* Begin PBXFileReference section */
		E7028A2A1C83F93100C423E7 /* 20160229_DrawDemo.app */ = {isa = PBXFileReference; explicitFileType = wrapper.application; includeInIndex = 0; path = 20160229_DrawDemo.app; sourceTree = BUILT_PRODUCTS_DIR; };
		E7028A2E1C83F93100C423E7 /* main.m */ = {isa = PBXFileReference; lastKnownFileType = sourcecode.c.objc; path = main.m; sourceTree = "<group>"; };
		E7028A301C83F93100C423E7 /* AppDelegate.h */ = {isa = PBXFileReference; lastKnownFileType = sourcecode.c.h; path = AppDelegate.h; sourceTree = "<group>"; };
		E7028A311C83F93100C423E7 /* AppDelegate.m */ = {isa = PBXFileReference; lastKnownFileType = sourcecode.c.objc; path = AppDelegate.m; sourceTree = "<group>"; };
		E7028A331C83F93100C423E7 /* ViewController.h */ = {isa = PBXFileReference; lastKnownFileType = sourcecode.c.h; path = ViewController.h; sourceTree = "<group>"; };
		E7028A341C83F93100C423E7 /* ViewController.m */ = {isa = PBXFileReference; lastKnownFileType = sourcecode.c.objc; path = ViewController.m; sourceTree = "<group>"; };
		E7028A371C83F93100C423E7 /* Base */ = {isa = PBXFileReference; lastKnownFileType = file.storyboard; name = Base; path = Base.lproj/Main.storyboard; sourceTree = "<group>"; };
		E7028A391C83F93100C423E7 /* Assets.xcassets */ = {isa = PBXFileReference; lastKnownFileType = folder.assetcatalog; path = Assets.xcassets; sourceTree = "<group>"; };
		E7028A3C1C83F93100C423E7 /* Base */ = {isa = PBXFileReference; lastKnownFileType = file.storyboard; name = Base; path = Base.lproj/LaunchScreen.storyboard; sourceTree = "<group>"; };
		E7028A3E1C83F93100C423E7 /* Info.plist */ = {isa = PBXFileReference; lastKnownFileType = text.plist.xml; path = Info.plist; sourceTree = "<group>"; };
/* End PBXFileReference section */

/* Begin PBXFrameworksBuildPhase section */
		E7028A271C83F93100C423E7 /* Frameworks */ = {
			isa = PBXFrameworksBuildPhase;
			buildActionMask = 2147483647;
			files = (
			);
			runOnlyForDeploymentPostprocessing = 0;
		};
/* End PBXFrameworksBuildPhase section */

/* Begin PBXGroup section */
		E7028A211C83F93100C423E7 = {
			isa = PBXGroup;
			children = (
				E7028A2C1C83F93100C423E7 /* 20160229_DrawDemo */,
				E7028A2B1C83F93100C423E7 /* Products */,
			);
			sourceTree = "<group>";
		};
		E7028A2B1C83F93100C423E7 /* Products */ = {
			isa = PBXGroup;
			children = (
				E7028A2A1C83F93100C423E7 /* 20160229_DrawDemo.app */,
			);
			name = Products;
			sourceTree = "<group>";
		};
		E7028A2C1C83F93100C423E7 /* 20160229_DrawDemo */ = {
			isa = PBXGroup;
			children = (
				E7028A301C83F93100C423E7 /* AppDelegate.h */,
				E7028A311C83F93100C423E7 /* AppDelegate.m */,
				E7028A331C83F93100C423E7 /* ViewController.h */,
				E7028A341C83F93100C423E7 /* ViewController.m */,
				E7028A361C83F93100C423E7 /* Main.storyboard */,
				E7028A391C83F93100C423E7 /* Assets.xcassets */,
				E7028A3B1C83F93100C423E7 /* LaunchScreen.storyboard */,
				E7028A3E1C83F93100C423E7 /* Info.plist */,
				E7028A2D1C83F93100C423E7 /* Supporting Files */,
			);
			path = 20160229_DrawDemo;
			sourceTree = "<group>";
		};
		E7028A2D1C83F93100C423E7 /* Supporting Files */ = {
			isa = PBXGroup;
			children = (
				E7028A2E1C83F93100C423E7 /* main.m */,
			);
			name = "Supporting Files";
			sourceTree = "<group>";
		};
/* End PBXGroup section */

/* Begin PBXNativeTarget section */
		E7028A291C83F93100C423E7 /* 20160229_DrawDemo */ = {
			isa = PBXNativeTarget;
			buildConfigurationList = E7028A411C83F93100C423E7 /* Build configuration list for PBXNativeTarget "20160229_DrawDemo" */;
			buildPhases = (
				E7028A261C83F93100C423E7 /* Sources */,
				E7028A271C83F93100C423E7 /* Frameworks */,
				E7028A281C83F93100C423E7 /* Resources */,
			);
			buildRules = (
			);
			dependencies = (
			);
			name = 20160229_DrawDemo;
			productName = 20160229_DrawDemo;
			productReference = E7028A2A1C83F93100C423E7 /* 20160229_DrawDemo.app */;
			productType = "com.apple.product-type.application";
		};
/* End PBXNativeTarget section */

/* Begin PBXProject section */
		E7028A221C83F93100C423E7 /* Project object */ = {
			isa = PBXProject;
			attributes = {
				LastUpgradeCheck = 0720;
				ORGANIZATIONNAME = ZhangYu;
				TargetAttributes = {
					E7028A291C83F93100C423E7 = {
						CreatedOnToolsVersion = 7.2;
					};
				};
			};
			buildConfigurationList = E7028A251C83F93100C423E7 /* Build configuration list for PBXProject "20160229_DrawDemo" */;
			compatibilityVersion = "Xcode 3.2";
			developmentRegion = English;
			hasScannedForEncodings = 0;
			knownRegions = (
				en,
				Base,
			);
			mainGroup = E7028A211C83F93100C423E7;
			productRefGroup = E7028A2B1C83F93100C423E7 /* Products */;
			projectDirPath = "";
			projectRoot = "";
			targets = (
				E7028A291C83F93100C423E7 /* 20160229_DrawDemo */,
			);
		};
/* End PBXProject section */

/* Begin PBXResourcesBuildPhase section */
		E7028A281C83F93100C423E7 /* Resources */ = {
			isa = PBXResourcesBuildPhase;
			buildActionMask = 2147483647;
			files = (
				E7028A3D1C83F93100C423E7 /* LaunchScreen.storyboard in Resources */,
				E7028A3A1C83F93100C423E7 /* Assets.xcassets in Resources */,
				E7028A381C83F93100C423E7 /* Main.storyboard in Resources */,
			);
			runOnlyForDeploymentPostprocessing = 0;
		};
/* End PBXResourcesBuildPhase section */

/* Begin PBXSourcesBuildPhase section */
		E7028A261C83F93100C423E7 /* Sources */ = {
			isa = PBXSourcesBuildPhase;
			buildActionMask = 2147483647;
			files = (
				E7028A351C83F93100C423E7 /* ViewController.m in Sources */,
				E7028A321C83F93100C423E7 /* AppDelegate.m in Sources */,
				E7028A2F1C83F93100C423E7 /* main.m in Sources */,
			);
			runOnlyForDeploymentPostprocessing = 0;
		};
/* End PBXSourcesBuildPhase section */

/* Begin PBXVariantGroup section */
		E7028A361C83F93100C423E7 /* Main.storyboard */ = {
			isa = PBXVariantGroup;
			children = (
				E7028A371C83F93100C423E7 /* Base */,
			);
			name = Main.storyboard;
			sourceTree = "<group>";
		};
		E7028A3B1C83F93100C423E7 /* LaunchScreen.storyboard */ = {
			isa = PBXVariantGroup;
			children = (
				E7028A3C1C83F93100C423E7 /* Base */,
			);
			name = LaunchScreen.storyboard;
			sourceTree = "<group>";
		};
/* End PBXVariantGroup section */

/* Begin XCBuildConfiguration section */
		E7028A3F1C83F93100C423E7 /* Debug */ = {
			isa = XCBuildConfiguration;
			buildSettings = {
				ALWAYS_SEARCH_USER_PATHS = NO;
				CLANG_CXX_LANGUAGE_STANDARD = "gnu++0x";
				CLANG_CXX_LIBRARY = "libc++";
				CLANG_ENABLE_MODULES = YES;
				CLANG_ENABLE_OBJC_ARC = YES;
				CLANG_WARN_BOOL_CONVERSION = YES;
				CLANG_WARN_CONSTANT_CONVERSION = YES;
				CLANG_WARN_DIRECT_OBJC_ISA_USAGE = YES_ERROR;
				CLANG_WARN_EMPTY_BODY = YES;
				CLANG_WARN_ENUM_CONVERSION = YES;
				CLANG_WARN_INT_CONVERSION = YES;
				CLANG_WARN_OBJC_ROOT_CLASS = YES_ERROR;
				CLANG_WARN_UNREACHABLE_CODE = YES;
				CLANG_WARN__DUPLICATE_METHOD_MATCH = YES;
				"CODE_SIGN_IDENTITY[sdk=iphoneos*]" = "iPhone Developer";
				COPY_PHASE_STRIP = NO;
				DEBUG_INFORMATION_FORMAT = dwarf;
				ENABLE_STRICT_OBJC_MSGSEND = YES;
				ENABLE_TESTABILITY = YES;
				GCC_C_LANGUAGE_STANDARD = gnu99;
				GCC_DYNAMIC_NO_PIC = NO;
				GCC_NO_COMMON_BLOCKS = YES;
				GCC_OPTIMIZATION_LEVEL = 0;
				GCC_PREPROCESSOR_DEFINITIONS = (
					"DEBUG=1",
					"$(inherited)",
				);
				GCC_WARN_64_TO_32_BIT_CONVERSION = YES;
				GCC_WARN_ABOUT_RETURN_TYPE = YES_ERROR;
				GCC_WARN_UNDECLARED_SELECTOR = YES;
				GCC_WARN_UNINITIALIZED_AUTOS = YES_AGGRESSIVE;
				GCC_WARN_UNUSED_FUNCTION = YES;
				GCC_WARN_UNUSED_VARIABLE = YES;
				IPHONEOS_DEPLOYMENT_TARGET = 9.2;
				MTL_ENABLE_DEBUG_INFO = YES;
				ONLY_ACTIVE_ARCH = YES;
				SDKROOT = iphoneos;
			};
			name = Debug;
		};
		E7028A401C83F93100C423E7 /* Release */ = {
			isa = XCBuildConfiguration;
			buildSettings = {
				ALWAYS_SEARCH_USER_PATHS = NO;
				CLANG_CXX_LANGUAGE_STANDARD = "gnu++0x";
				CLANG_CXX_LIBRARY = "libc++";
				CLANG_ENABLE_MODULES = YES;
				CLANG_ENABLE_OBJC_ARC = YES;
				CLANG_WARN_BOOL_CONVERSION = YES;
				CLANG_WARN_CONSTANT_CONVERSION = YES;
				CLANG_WARN_DIRECT_OBJC_ISA_USAGE = YES_ERROR;
				CLANG_WARN_EMPTY_BODY = YES;
				CLANG_WARN_ENUM_CONVERSION = YES;
				CLANG_WARN_INT_CONVERSION = YES;
				CLANG_WARN_OBJC_ROOT_CLASS = YES_ERROR;
				CLANG_WARN_UNREACHABLE_CODE = YES;
				CLANG_WARN__DUPLICATE_METHOD_MATCH = YES;
				"CODE_SIGN_IDENTITY[sdk=iphoneos*]" = "iPhone Developer";
				COPY_PHASE_STRIP = NO;
				DEBUG_INFORMATION_FORMAT = "dwarf-with-dsym";
				ENABLE_NS_ASSERTIONS = NO;
				ENABLE_STRICT_OBJC_MSGSEND = YES;
				GCC_C_LANGUAGE_STANDARD = gnu99;
				GCC_NO_COMMON_BLOCKS = YES;
				GCC_WARN_64_TO_32_BIT_CONVERSION = YES;
				GCC_WARN_ABOUT_RETURN_TYPE = YES_ERROR;
				GCC_WARN_UNDECLARED_SELECTOR = YES;
				GCC_WARN_UNINITIALIZED_AUTOS = YES_AGGRESSIVE;
				GCC_WARN_UNUSED_FUNCTION = YES;
				GCC_WARN_UNUSED_VARIABLE = YES;
				IPHONEOS_DEPLOYMENT_TARGET = 9.2;
				MTL_ENABLE_DEBUG_INFO = NO;
				SDKROOT = iphoneos;
				VALIDATE_PRODUCT = YES;
			};
			name = Release;
		};
		E7028A421C83F93100C423E7 /* Debug */ = {
			isa = XCBuildConfiguration;
			buildSettings = {
				ASSETCATALOG_COMPILER_APPICON_NAME = AppIcon;
				INFOPLIST_FILE = 20160229_DrawDemo/Info.plist;
				LD_RUNPATH_SEARCH_PATHS = "$(inherited) @executable_path/Frameworks";
				PRODUCT_BUNDLE_IDENTIFIER = "ZY.-0160229-DrawDemo";
				PRODUCT_NAME = "$(TARGET_NAME)";
			};
			name = Debug;
		};
		E7028A431C83F93100C423E7 /* Release */ = {
			isa = XCBuildConfiguration;
			buildSettings = {
				ASSETCATALOG_COMPILER_APPICON_NAME = AppIcon;
				INFOPLIST_FILE = 20160229_DrawDemo/Info.plist;
				LD_RUNPATH_SEARCH_PATHS = "$(inherited) @executable_path/Frameworks";
				PRODUCT_BUNDLE_IDENTIFIER = "ZY.-0160229-DrawDemo";
				PRODUCT_NAME = "$(TARGET_NAME)";
			};
			name = Release;
		};
/* End XCBuildConfiguration section */

/* Begin XCConfigurationList section */
		E7028A251C83F93100C423E7 /* Build configuration list for PBXProject "20160229_DrawDemo" */ = {
			isa = XCConfigurationList;
			buildConfigurations = (
				E7028A3F1C83F93100C423E7 /* Debug */,
				E7028A401C83F93100C423E7 /* Release */,
			);
			defaultConfigurationIsVisible = 0;
			defaultConfigurationName = Release;
		};
		E7028A411C83F93100C423E7 /* Build configuration list for PBXNativeTarget "20160229_DrawDemo" */ = {
			isa = XCConfigurationList;
			buildConfigurations = (
				E7028A421C83F93100C423E7 /* Debug */,
				E7028A431C83F93100C423E7 /* Release */,
			);
			defaultConfigurationIsVisible = 0;
		};
/* End XCConfigurationList section */
	};
	rootObject = E7028A221C83F93100C423E7 /* Project object */;
}
