// !$*UTF8*$!
{
	archiveVersion = 1;
	classes = {
	};
	objectVersion = 46;
	objects = {

/* Begin PBXBuildFile section */
		2A2500F61C4B3CC000FFD9B2 /* main.m in Sources */ = {isa = PBXBuildFile; fileRef = 2A2500F51C4B3CC000FFD9B2 /* main.m */; };
		2A2500F91C4B3CC000FFD9B2 /* AppDelegate.m in Sources */ = {isa = PBXBuildFile; fileRef = 2A2500F81C4B3CC000FFD9B2 /* AppDelegate.m */; };
		2A2500FC1C4B3CC000FFD9B2 /* ViewController.m in Sources */ = {isa = PBXBuildFile; fileRef = 2A2500FB1C4B3CC000FFD9B2 /* ViewController.m */; };
		2A2500FF1C4B3CC000FFD9B2 /* Main.storyboard in Resources */ = {isa = PBXBuildFile; fileRef = 2A2500FD1C4B3CC000FFD9B2 /* Main.storyboard */; };
		2A2501011C4B3CC000FFD9B2 /* Assets.xcassets in Resources */ = {isa = PBXBuildFile; fileRef = 2A2501001C4B3CC000FFD9B2 /* Assets.xcassets */; };
		2A2501041C4B3CC000FFD9B2 /* LaunchScreen.storyboard in Resources */ = {isa = PBXBuildFile; fileRef = 2A2501021C4B3CC000FFD9B2 /* LaunchScreen.storyboard */; };
/* End PBXBuildFile section */

/* Begin PBXFileReference section */
		2A2500F11C4B3CC000FFD9B2 /* AutoLayout+Frame.app */ = {isa = PBXFileReference; explicitFileType = wrapper.application; includeInIndex = 0; path = "AutoLayout+Frame.app"; sourceTree = BUILT_PRODUCTS_DIR; };
		2A2500F51C4B3CC000FFD9B2 /* main.m */ = {isa = PBXFileReference; lastKnownFileType = sourcecode.c.objc; path = main.m; sourceTree = "<group>"; };
		2A2500F71C4B3CC000FFD9B2 /* AppDelegate.h */ = {isa = PBXFileReference; lastKnownFileType = sourcecode.c.h; path = AppDelegate.h; sourceTree = "<group>"; };
		2A2500F81C4B3CC000FFD9B2 /* AppDelegate.m */ = {isa = PBXFileReference; lastKnownFileType = sourcecode.c.objc; path = AppDelegate.m; sourceTree = "<group>"; };
		2A2500FA1C4B3CC000FFD9B2 /* ViewController.h */ = {isa = PBXFileReference; lastKnownFileType = sourcecode.c.h; path = ViewController.h; sourceTree = "<group>"; };
		2A2500FB1C4B3CC000FFD9B2 /* ViewController.m */ = {isa = PBXFileReference; lastKnownFileType = sourcecode.c.objc; path = ViewController.m; sourceTree = "<group>"; };
		2A2500FE1C4B3CC000FFD9B2 /* Base */ = {isa = PBXFileReference; lastKnownFileType = file.storyboard; name = Base; path = Base.lproj/Main.storyboard; sourceTree = "<group>"; };
		2A2501001C4B3CC000FFD9B2 /* Assets.xcassets */ = {isa = PBXFileReference; lastKnownFileType = folder.assetcatalog; path = Assets.xcassets; sourceTree = "<group>"; };
		2A2501031C4B3CC000FFD9B2 /* Base */ = {isa = PBXFileReference; lastKnownFileType = file.storyboard; name = Base; path = Base.lproj/LaunchScreen.storyboard; sourceTree = "<group>"; };
		2A2501051C4B3CC000FFD9B2 /* Info.plist */ = {isa = PBXFileReference; lastKnownFileType = text.plist.xml; path = Info.plist; sourceTree = "<group>"; };
/* End PBXFileReference section */

/* Begin PBXFrameworksBuildPhase section */
		2A2500EE1C4B3CC000FFD9B2 /* Frameworks */ = {
			isa = PBXFrameworksBuildPhase;
			buildActionMask = 2147483647;
			files = (
			);
			runOnlyForDeploymentPostprocessing = 0;
		};
/* End PBXFrameworksBuildPhase section */

/* Begin PBXGroup section */
		2A2500E81C4B3CC000FFD9B2 = {
			isa = PBXGroup;
			children = (
				2A2500F31C4B3CC000FFD9B2 /* AutoLayout+Frame */,
				2A2500F21C4B3CC000FFD9B2 /* Products */,
			);
			sourceTree = "<group>";
		};
		2A2500F21C4B3CC000FFD9B2 /* Products */ = {
			isa = PBXGroup;
			children = (
				2A2500F11C4B3CC000FFD9B2 /* AutoLayout+Frame.app */,
			);
			name = Products;
			sourceTree = "<group>";
		};
		2A2500F31C4B3CC000FFD9B2 /* AutoLayout+Frame */ = {
			isa = PBXGroup;
			children = (
				2A2500F71C4B3CC000FFD9B2 /* AppDelegate.h */,
				2A2500F81C4B3CC000FFD9B2 /* AppDelegate.m */,
				2A2500FA1C4B3CC000FFD9B2 /* ViewController.h */,
				2A2500FB1C4B3CC000FFD9B2 /* ViewController.m */,
				2A2500FD1C4B3CC000FFD9B2 /* Main.storyboard */,
				2A2501001C4B3CC000FFD9B2 /* Assets.xcassets */,
				2A2501021C4B3CC000FFD9B2 /* LaunchScreen.storyboard */,
				2A2501051C4B3CC000FFD9B2 /* Info.plist */,
				2A2500F41C4B3CC000FFD9B2 /* Supporting Files */,
			);
			path = "AutoLayout+Frame";
			sourceTree = "<group>";
		};
		2A2500F41C4B3CC000FFD9B2 /* Supporting Files */ = {
			isa = PBXGroup;
			children = (
				2A2500F51C4B3CC000FFD9B2 /* main.m */,
			);
			name = "Supporting Files";
			sourceTree = "<group>";
		};
/* End PBXGroup section */

/* Begin PBXNativeTarget section */
		2A2500F01C4B3CC000FFD9B2 /* AutoLayout+Frame */ = {
			isa = PBXNativeTarget;
			buildConfigurationList = 2A2501081C4B3CC000FFD9B2 /* Build configuration list for PBXNativeTarget "AutoLayout+Frame" */;
			buildPhases = (
				2A2500ED1C4B3CC000FFD9B2 /* Sources */,
				2A2500EE1C4B3CC000FFD9B2 /* Frameworks */,
				2A2500EF1C4B3CC000FFD9B2 /* Resources */,
			);
			buildRules = (
			);
			dependencies = (
			);
			name = "AutoLayout+Frame";
			productName = "AutoLayout+Frame";
			productReference = 2A2500F11C4B3CC000FFD9B2 /* AutoLayout+Frame.app */;
			productType = "com.apple.product-type.application";
		};
/* End PBXNativeTarget section */

/* Begin PBXProject section */
		2A2500E91C4B3CC000FFD9B2 /* Project object */ = {
			isa = PBXProject;
			attributes = {
				LastUpgradeCheck = 0720;
				ORGANIZATIONNAME = Developer_Zhang;
				TargetAttributes = {
					2A2500F01C4B3CC000FFD9B2 = {
						CreatedOnToolsVersion = 7.2;
					};
				};
			};
			buildConfigurationList = 2A2500EC1C4B3CC000FFD9B2 /* Build configuration list for PBXProject "AutoLayout+Frame" */;
			compatibilityVersion = "Xcode 3.2";
			developmentRegion = English;
			hasScannedForEncodings = 0;
			knownRegions = (
				en,
				Base,
			);
			mainGroup = 2A2500E81C4B3CC000FFD9B2;
			productRefGroup = 2A2500F21C4B3CC000FFD9B2 /* Products */;
			projectDirPath = "";
			projectRoot = "";
			targets = (
				2A2500F01C4B3CC000FFD9B2 /* AutoLayout+Frame */,
			);
		};
/* End PBXProject section */

/* Begin PBXResourcesBuildPhase section */
		2A2500EF1C4B3CC000FFD9B2 /* Resources */ = {
			isa = PBXResourcesBuildPhase;
			buildActionMask = 2147483647;
			files = (
				2A2501041C4B3CC000FFD9B2 /* LaunchScreen.storyboard in Resources */,
				2A2501011C4B3CC000FFD9B2 /* Assets.xcassets in Resources */,
				2A2500FF1C4B3CC000FFD9B2 /* Main.storyboard in Resources */,
			);
			runOnlyForDeploymentPostprocessing = 0;
		};
/* End PBXResourcesBuildPhase section */

/* Begin PBXSourcesBuildPhase section */
		2A2500ED1C4B3CC000FFD9B2 /* Sources */ = {
			isa = PBXSourcesBuildPhase;
			buildActionMask = 2147483647;
			files = (
				2A2500FC1C4B3CC000FFD9B2 /* ViewController.m in Sources */,
				2A2500F91C4B3CC000FFD9B2 /* AppDelegate.m in Sources */,
				2A2500F61C4B3CC000FFD9B2 /* main.m in Sources */,
			);
			runOnlyForDeploymentPostprocessing = 0;
		};
/* End PBXSourcesBuildPhase section */

/* Begin PBXVariantGroup section */
		2A2500FD1C4B3CC000FFD9B2 /* Main.storyboard */ = {
			isa = PBXVariantGroup;
			children = (
				2A2500FE1C4B3CC000FFD9B2 /* Base */,
			);
			name = Main.storyboard;
			sourceTree = "<group>";
		};
		2A2501021C4B3CC000FFD9B2 /* LaunchScreen.storyboard */ = {
			isa = PBXVariantGroup;
			children = (
				2A2501031C4B3CC000FFD9B2 /* Base */,
			);
			name = LaunchScreen.storyboard;
			sourceTree = "<group>";
		};
/* End PBXVariantGroup section */

/* Begin XCBuildConfiguration section */
		2A2501061C4B3CC000FFD9B2 /* Debug */ = {
			isa = XCBuildConfiguration;
			buildSettings = {
				ALWAYS_SEARCH_USER_PATHS = NO;
				CLANG_CXX_LANGUAGE_STANDARD = "gnu++0x";
				CLANG_CXX_LIBRARY = "libc++";
				CLANG_ENABLE_MODULES = YES;
				CLANG_ENABLE_OBJC_ARC = YES;
				CLANG_WARN_BOOL_CONVERSION = YES;
				CLANG_WARN_CONSTANT_CONVERSION = YES;
				CLANG_WARN_DIRECT_OBJC_ISA_USAGE = YES_ERROR;
				CLANG_WARN_EMPTY_BODY = YES;
				CLANG_WARN_ENUM_CONVERSION = YES;
				CLANG_WARN_INT_CONVERSION = YES;
				CLANG_WARN_OBJC_ROOT_CLASS = YES_ERROR;
				CLANG_WARN_UNREACHABLE_CODE = YES;
				CLANG_WARN__DUPLICATE_METHOD_MATCH = YES;
				"CODE_SIGN_IDENTITY[sdk=iphoneos*]" = "iPhone Developer";
				COPY_PHASE_STRIP = NO;
				DEBUG_INFORMATION_FORMAT = dwarf;
				ENABLE_STRICT_OBJC_MSGSEND = YES;
				ENABLE_TESTABILITY = YES;
				GCC_C_LANGUAGE_STANDARD = gnu99;
				GCC_DYNAMIC_NO_PIC = NO;
				GCC_NO_COMMON_BLOCKS = YES;
				GCC_OPTIMIZATION_LEVEL = 0;
				GCC_PREPROCESSOR_DEFINITIONS = (
					"DEBUG=1",
					"$(inherited)",
				);
				GCC_WARN_64_TO_32_BIT_CONVERSION = YES;
				GCC_WARN_ABOUT_RETURN_TYPE = YES_ERROR;
				GCC_WARN_UNDECLARED_SELECTOR = YES;
				GCC_WARN_UNINITIALIZED_AUTOS = YES_AGGRESSIVE;
				GCC_WARN_UNUSED_FUNCTION = YES;
				GCC_WARN_UNUSED_VARIABLE = YES;
				IPHONEOS_DEPLOYMENT_TARGET = 9.2;
				MTL_ENABLE_DEBUG_INFO = YES;
				ONLY_ACTIVE_ARCH = YES;
				SDKROOT = iphoneos;
			};
			name = Debug;
		};
		2A2501071C4B3CC000FFD9B2 /* Release */ = {
			isa = XCBuildConfiguration;
			buildSettings = {
				ALWAYS_SEARCH_USER_PATHS = NO;
				CLANG_CXX_LANGUAGE_STANDARD = "gnu++0x";
				CLANG_CXX_LIBRARY = "libc++";
				CLANG_ENABLE_MODULES = YES;
				CLANG_ENABLE_OBJC_ARC = YES;
				CLANG_WARN_BOOL_CONVERSION = YES;
				CLANG_WARN_CONSTANT_CONVERSION = YES;
				CLANG_WARN_DIRECT_OBJC_ISA_USAGE = YES_ERROR;
				CLANG_WARN_EMPTY_BODY = YES;
				CLANG_WARN_ENUM_CONVERSION = YES;
				CLANG_WARN_INT_CONVERSION = YES;
				CLANG_WARN_OBJC_ROOT_CLASS = YES_ERROR;
				CLANG_WARN_UNREACHABLE_CODE = YES;
				CLANG_WARN__DUPLICATE_METHOD_MATCH = YES;
				"CODE_SIGN_IDENTITY[sdk=iphoneos*]" = "iPhone Developer";
				COPY_PHASE_STRIP = NO;
				DEBUG_INFORMATION_FORMAT = "dwarf-with-dsym";
				ENABLE_NS_ASSERTIONS = NO;
				ENABLE_STRICT_OBJC_MSGSEND = YES;
				GCC_C_LANGUAGE_STANDARD = gnu99;
				GCC_NO_COMMON_BLOCKS = YES;
				GCC_WARN_64_TO_32_BIT_CONVERSION = YES;
				GCC_WARN_ABOUT_RETURN_TYPE = YES_ERROR;
				GCC_WARN_UNDECLARED_SELECTOR = YES;
				GCC_WARN_UNINITIALIZED_AUTOS = YES_AGGRESSIVE;
				GCC_WARN_UNUSED_FUNCTION = YES;
				GCC_WARN_UNUSED_VARIABLE = YES;
				IPHONEOS_DEPLOYMENT_TARGET = 9.2;
				MTL_ENABLE_DEBUG_INFO = NO;
				SDKROOT = iphoneos;
				VALIDATE_PRODUCT = YES;
			};
			name = Release;
		};
		2A2501091C4B3CC000FFD9B2 /* Debug */ = {
			isa = XCBuildConfiguration;
			buildSettings = {
				ASSETCATALOG_COMPILER_APPICON_NAME = AppIcon;
				INFOPLIST_FILE = "AutoLayout+Frame/Info.plist";
				LD_RUNPATH_SEARCH_PATHS = "$(inherited) @executable_path/Frameworks";
				PRODUCT_BUNDLE_IDENTIFIER = "com.zy.AutoLayout-Frame";
				PRODUCT_NAME = "$(TARGET_NAME)";
			};
			name = Debug;
		};
		2A25010A1C4B3CC000FFD9B2 /* Release */ = {
			isa = XCBuildConfiguration;
			buildSettings = {
				ASSETCATALOG_COMPILER_APPICON_NAME = AppIcon;
				INFOPLIST_FILE = "AutoLayout+Frame/Info.plist";
				LD_RUNPATH_SEARCH_PATHS = "$(inherited) @executable_path/Frameworks";
				PRODUCT_BUNDLE_IDENTIFIER = "com.zy.AutoLayout-Frame";
				PRODUCT_NAME = "$(TARGET_NAME)";
			};
			name = Release;
		};
/* End XCBuildConfiguration section */

/* Begin XCConfigurationList section */
		2A2500EC1C4B3CC000FFD9B2 /* Build configuration list for PBXProject "AutoLayout+Frame" */ = {
			isa = XCConfigurationList;
			buildConfigurations = (
				2A2501061C4B3CC000FFD9B2 /* Debug */,
				2A2501071C4B3CC000FFD9B2 /* Release */,
			);
			defaultConfigurationIsVisible = 0;
			defaultConfigurationName = Release;
		};
		2A2501081C4B3CC000FFD9B2 /* Build configuration list for PBXNativeTarget "AutoLayout+Frame" */ = {
			isa = XCConfigurationList;
			buildConfigurations = (
				2A2501091C4B3CC000FFD9B2 /* Debug */,
				2A25010A1C4B3CC000FFD9B2 /* Release */,
			);
			defaultConfigurationIsVisible = 0;
		};
/* End XCConfigurationList section */
	};
	rootObject = 2A2500E91C4B3CC000FFD9B2 /* Project object */;
}
